<?xml version="1.0" encoding="utf-8"?>
<Project ToolsVersion="4.0" xmlns="http://schemas.microsoft.com/developer/msbuild/2003">
  <ItemGroup>
    <Filter Include="src">
      <UniqueIdentifier>{4FC737F1-C7A5-4376-A066-2A32D752A2FF}</UniqueIdentifier>
      <Extensions>cpp;c;cc;cxx;def;odl;idl;hpj;bat;asm;asmx</Extensions>
    </Filter>
    <Filter Include="src\encode">
      <UniqueIdentifier>{674bd963-598b-4dd8-a202-9e1d40621534}</UniqueIdentifier>
    </Filter>
    <Filter Include="src\prm">
      <UniqueIdentifier>{69d9e693-3ce3-4161-9046-62a7345839cd}</UniqueIdentifier>
    </Filter>
    <Filter Include="src\frm">
      <UniqueIdentifier>{fb378df4-6115-4fcf-8464-7952a12d2ba8}</UniqueIdentifier>
    </Filter>
    <Filter Include="include">
      <UniqueIdentifier>{93995380-89BD-4b04-88EB-625FBE52EBFB}</UniqueIdentifier>
      <Extensions>h;hpp;hxx;hm;inl;inc;xsd</Extensions>
    </Filter>
    <Filter Include="include\encode">
      <UniqueIdentifier>{c0343dab-7168-48f9-9abc-240cd45e975e}</UniqueIdentifier>
    </Filter>
    <Filter Include="include\prm">
      <UniqueIdentifier>{75152e79-5f4a-4774-85ea-1619a644e1b7}</UniqueIdentifier>
    </Filter>
    <Filter Include="include\frm">
      <UniqueIdentifier>{6c545398-a775-411a-be7c-19a3b0589321}</UniqueIdentifier>
    </Filter>
    <Filter Include="sources">
      <UniqueIdentifier>{67DA6AB6-F800-4c08-8B7A-83BB121AAD01}</UniqueIdentifier>
      <Extensions>rc;ico;cur;bmp;dlg;rc2;rct;bin;rgs;gif;jpg;jpeg;jpe;resx;tiff;tif;png;wav</Extensions>
    </Filter>
    <Filter Include="format">
      <UniqueIdentifier>{0789faf3-0ca3-47b3-bc86-919d8b269067}</UniqueIdentifier>
    </Filter>
  </ItemGroup>
  <ItemGroup>
    <ClCompile Include="QSVEnc.cpp">
      <Filter>src</Filter>
    </ClCompile>
    <ClCompile Include="encode\auo_audio.cpp">
      <Filter>src\encode</Filter>
    </ClCompile>
    <ClCompile Include="encode\auo_chapter.cpp">
      <Filter>src\encode</Filter>
    </ClCompile>
    <ClCompile Include="encode\auo_encode.cpp">
      <Filter>src\encode</Filter>
    </ClCompile>
    <ClCompile Include="encode\auo_mux.cpp">
      <Filter>src\encode</Filter>
    </ClCompile>
    <ClCompile Include="encode\auo_pipe.cpp">
      <Filter>src\encode</Filter>
    </ClCompile>
    <ClCompile Include="encode\auo_runbat.cpp">
      <Filter>src\encode</Filter>
    </ClCompile>
    <ClCompile Include="encode\auo_video.cpp">
      <Filter>src\encode</Filter>
    </ClCompile>
    <ClCompile Include="encode\convert.cpp">
      <Filter>src\encode</Filter>
    </ClCompile>
    <ClCompile Include="encode\fawcheck.cpp">
      <Filter>src\encode</Filter>
    </ClCompile>
    <ClCompile Include="prm\auo_conf.cpp">
      <Filter>src\prm</Filter>
    </ClCompile>
    <ClCompile Include="prm\auo_settings.cpp">
      <Filter>src\prm</Filter>
    </ClCompile>
    <ClCompile Include="prm\auo_util.cpp">
      <Filter>src\prm</Filter>
    </ClCompile>
    <ClCompile Include="frm\auo_error.cpp">
      <Filter>src\frm</Filter>
    </ClCompile>
    <ClCompile Include="frm\auo_frm.cpp">
      <Filter>src\frm</Filter>
    </ClCompile>
    <ClCompile Include="frm\frmConfig.cpp">
      <Filter>format</Filter>
    </ClCompile>
    <ClCompile Include="frm\frmLog.cpp">
      <Filter>format</Filter>
    </ClCompile>
    <ClCompile Include="encode\convert_avx.cpp">
      <Filter>src\encode</Filter>
    </ClCompile>
    <ClCompile Include="encode\auo_faw2aac.cpp">
      <Filter>src\encode</Filter>
    </ClCompile>
    <ClCompile Include="encode\auo_audio_parallel.cpp">
      <Filter>src\encode</Filter>
    </ClCompile>
    <ClCompile Include="encode\exe_version.cpp">
      <Filter>src\encode</Filter>
    </ClCompile>
    <ClCompile Include="prm\auo_conf_convert.cpp">
      <Filter>src\prm</Filter>
    </ClCompile>
    <ClCompile Include="encode\convert_sse2.cpp">
      <Filter>src\encode</Filter>
    </ClCompile>
    <ClCompile Include="encode\convert_sse41.cpp">
      <Filter>src\encode</Filter>
    </ClCompile>
    <ClCompile Include="encode\convert_ssse3.cpp">
      <Filter>src\encode</Filter>
    </ClCompile>
    <ClCompile Include="encode\convert_avx2.cpp">
      <Filter>src\encode</Filter>
    </ClCompile>
    <ClCompile Include="encode\auo_convert.cpp">
      <Filter>src\encode</Filter>
    </ClCompile>
  </ItemGroup>
  <ItemGroup>
    <None Include="QSVEnc.def">
      <Filter>src</Filter>
    </None>
    <None Include="QSVEnc.ini" />
  </ItemGroup>
  <ItemGroup>
    <ClInclude Include="auo.h">
      <Filter>include</Filter>
    </ClInclude>
    <ClInclude Include="auo_version.h">
      <Filter>include</Filter>
    </ClInclude>
    <ClInclude Include="output.h">
      <Filter>include</Filter>
    </ClInclude>
    <ClInclude Include="encode\auo_audio.h">
      <Filter>include\encode</Filter>
    </ClInclude>
    <ClInclude Include="encode\auo_chapter.h">
      <Filter>include\encode</Filter>
    </ClInclude>
    <ClInclude Include="encode\auo_encode.h">
      <Filter>include\encode</Filter>
    </ClInclude>
    <ClInclude Include="encode\auo_mux.h">
      <Filter>include\encode</Filter>
    </ClInclude>
    <ClInclude Include="encode\auo_pipe.h">
      <Filter>include\encode</Filter>
    </ClInclude>
    <ClInclude Include="encode\auo_runbat.h">
      <Filter>include\encode</Filter>
    </ClInclude>
    <ClInclude Include="encode\auo_video.h">
      <Filter>include\encode</Filter>
    </ClInclude>
    <ClInclude Include="encode\convert.h">
      <Filter>include\encode</Filter>
    </ClInclude>
    <ClInclude Include="encode\fawcheck.h">
      <Filter>include\encode</Filter>
    </ClInclude>
    <ClInclude Include="prm\auo_conf.h">
      <Filter>include\prm</Filter>
    </ClInclude>
    <ClInclude Include="prm\auo_settings.h">
      <Filter>include\prm</Filter>
    </ClInclude>
    <ClInclude Include="prm\auo_system.h">
      <Filter>include\prm</Filter>
    </ClInclude>
    <ClInclude Include="prm\auo_util.h">
      <Filter>include\prm</Filter>
    </ClInclude>
    <ClInclude Include="frm\auo_clrutil.h">
      <Filter>include\frm</Filter>
    </ClInclude>
    <ClInclude Include="frm\auo_error.h">
      <Filter>include\frm</Filter>
    </ClInclude>
    <ClInclude Include="frm\auo_frm.h">
      <Filter>include\frm</Filter>
    </ClInclude>
    <ClInclude Include="frm\frmAutoSaveLogSettings.h">
      <Filter>format</Filter>
    </ClInclude>
    <ClInclude Include="frm\frmBitrateCalculator.h">
      <Filter>format</Filter>
    </ClInclude>
    <ClInclude Include="frm\frmConfig.h">
      <Filter>format</Filter>
    </ClInclude>
    <ClInclude Include="frm\frmConfig_helper.h">
      <Filter>format</Filter>
    </ClInclude>
    <ClInclude Include="frm\frmLog.h">
      <Filter>format</Filter>
    </ClInclude>
    <ClInclude Include="frm\frmOtherSettings.h">
      <Filter>format</Filter>
    </ClInclude>
    <ClInclude Include="frm\frmSaveNewStg.h">
      <Filter>format</Filter>
    </ClInclude>
    <ClInclude Include="encode\auo_faw2aac.h">
      <Filter>include\encode</Filter>
    </ClInclude>
    <ClInclude Include="encode\auo_audio_parallel.h">
      <Filter>include\encode</Filter>
    </ClInclude>
    <ClInclude Include="frm\frmSetTransparency.h">
      <Filter>format</Filter>
    </ClInclude>
    <ClInclude Include="frm\frmSetLogColor.h">
      <Filter>format</Filter>
    </ClInclude>
    <ClInclude Include="encode\exe_version.h">
      <Filter>include\encode</Filter>
    </ClInclude>
  </ItemGroup>
  <ItemGroup>
    <EmbeddedResource Include="frm\frmAutoSaveLogSettings.resx">
      <Filter>リソース ファイル</Filter>
    </EmbeddedResource>
    <EmbeddedResource Include="frm\frmBitrateCalculator.resx">
      <Filter>リソース ファイル</Filter>
    </EmbeddedResource>
    <EmbeddedResource Include="frm\frmConfig.resx">
      <Filter>リソース ファイル</Filter>
    </EmbeddedResource>
    <EmbeddedResource Include="frm\frmLog.resx">
      <Filter>リソース ファイル</Filter>
    </EmbeddedResource>
    <EmbeddedResource Include="frm\frmOtherSettings.resx">
      <Filter>リソース ファイル</Filter>
    </EmbeddedResource>
    <EmbeddedResource Include="frm\frmSaveNewStg.resx">
      <Filter>リソース ファイル</Filter>
    </EmbeddedResource>
    <EmbeddedResource Include="frm\frmSetTransparency.resx">
      <Filter>リソース ファイル</Filter>
    </EmbeddedResource>
    <EmbeddedResource Include="frm\frmSetLogColor.resx">
      <Filter>リソース ファイル</Filter>
    </EmbeddedResource>
  </ItemGroup>
  <ItemGroup>
    <ResourceCompile Include="auo_version.rc">
      <Filter>sources</Filter>
    </ResourceCompile>
  </ItemGroup>
</Project>